// !$*UTF8*$!
{
	archiveVersion = 1;
	classes = {
	};
	objectVersion = 50;
	objects = {

/* Begin PBXBuildFile section */
		D5AA0356260B5DF800A38682 /* kraft-sea-turtle.fold in Resources */ = {isa = PBXBuildFile; fileRef = D5AA0355260B5DF800A38682 /* kraft-sea-turtle.fold */; };
		D5AA0357260B5DF800A38682 /* kraft-sea-turtle.fold in Resources */ = {isa = PBXBuildFile; fileRef = D5AA0355260B5DF800A38682 /* kraft-sea-turtle.fold */; };
		D5AA035B260B5DFE00A38682 /* crane.fold in Resources */ = {isa = PBXBuildFile; fileRef = D5AA035A260B5DFE00A38682 /* crane.fold */; };
		D5AA035C260B5DFE00A38682 /* crane.fold in Resources */ = {isa = PBXBuildFile; fileRef = D5AA035A260B5DFE00A38682 /* crane.fold */; };
		D5AA0360260B5E0300A38682 /* miura-ori.fold in Resources */ = {isa = PBXBuildFile; fileRef = D5AA035F260B5E0300A38682 /* miura-ori.fold */; };
		D5AA0361260B5E0300A38682 /* miura-ori.fold in Resources */ = {isa = PBXBuildFile; fileRef = D5AA035F260B5E0300A38682 /* miura-ori.fold */; };
		D5AA0365260B5E1200A38682 /* three-fold.fold in Resources */ = {isa = PBXBuildFile; fileRef = D5AA0364260B5E1200A38682 /* three-fold.fold */; };
		D5AA0366260B5E1200A38682 /* three-fold.fold in Resources */ = {isa = PBXBuildFile; fileRef = D5AA0364260B5E1200A38682 /* three-fold.fold */; };
		D5B39580260B499F000E933B /* AppDelegate.swift in Sources */ = {isa = PBXBuildFile; fileRef = D5B3957F260B499F000E933B /* AppDelegate.swift */; };
		D5B39582260B499F000E933B /* ViewController.swift in Sources */ = {isa = PBXBuildFile; fileRef = D5B39581260B499F000E933B /* ViewController.swift */; };
		D5B39584260B499F000E933B /* Document.swift in Sources */ = {isa = PBXBuildFile; fileRef = D5B39583260B499F000E933B /* Document.swift */; };
		D5B39586260B49A0000E933B /* Assets.xcassets in Resources */ = {isa = PBXBuildFile; fileRef = D5B39585260B49A0000E933B /* Assets.xcassets */; };
		D5B39589260B49A0000E933B /* Main.storyboard in Resources */ = {isa = PBXBuildFile; fileRef = D5B39587260B49A0000E933B /* Main.storyboard */; };
		D5B3959B260B49FC000E933B /* Quartz.framework in Frameworks */ = {isa = PBXBuildFile; fileRef = D5B3959A260B49FC000E933B /* Quartz.framework */; };
		D5B3959E260B49FC000E933B /* PreviewViewController.swift in Sources */ = {isa = PBXBuildFile; fileRef = D5B3959D260B49FC000E933B /* PreviewViewController.swift */; };
		D5B395A1260B49FC000E933B /* PreviewViewController.xib in Resources */ = {isa = PBXBuildFile; fileRef = D5B3959F260B49FC000E933B /* PreviewViewController.xib */; };
		D5B395A6260B49FC000E933B /* FOLDPreview.appex in Embed App Extensions */ = {isa = PBXBuildFile; fileRef = D5B39598260B49FC000E933B /* FOLDPreview.appex */; settings = {ATTRIBUTES = (RemoveHeadersOnCopy, ); }; };
		D5B395B2260B4A0D000E933B /* Camera.swift in Sources */ = {isa = PBXBuildFile; fileRef = D5B395AD260B4A0D000E933B /* Camera.swift */; };
		D5B395B3260B4A0D000E933B /* Camera.swift in Sources */ = {isa = PBXBuildFile; fileRef = D5B395AD260B4A0D000E933B /* Camera.swift */; };
		D5B395B4260B4A0D000E933B /* MetalView.swift in Sources */ = {isa = PBXBuildFile; fileRef = D5B395AE260B4A0D000E933B /* MetalView.swift */; };
		D5B395B5260B4A0D000E933B /* MetalView.swift in Sources */ = {isa = PBXBuildFile; fileRef = D5B395AE260B4A0D000E933B /* MetalView.swift */; };
		D5B395B6260B4A0D000E933B /* Renderer.swift in Sources */ = {isa = PBXBuildFile; fileRef = D5B395AF260B4A0D000E933B /* Renderer.swift */; };
		D5B395B7260B4A0D000E933B /* Renderer.swift in Sources */ = {isa = PBXBuildFile; fileRef = D5B395AF260B4A0D000E933B /* Renderer.swift */; };
		D5B395B8260B4A0D000E933B /* Math.swift in Sources */ = {isa = PBXBuildFile; fileRef = D5B395B0260B4A0D000E933B /* Math.swift */; };
		D5B395B9260B4A0D000E933B /* Math.swift in Sources */ = {isa = PBXBuildFile; fileRef = D5B395B0260B4A0D000E933B /* Math.swift */; };
		D5B395BA260B4A0D000E933B /* Shaders.metal in Sources */ = {isa = PBXBuildFile; fileRef = D5B395B1260B4A0D000E933B /* Shaders.metal */; };
		D5B395BB260B4A0D000E933B /* Shaders.metal in Sources */ = {isa = PBXBuildFile; fileRef = D5B395B1260B4A0D000E933B /* Shaders.metal */; };
		D5B395C2260B4A1A000E933B /* ModelRaw.swift in Sources */ = {isa = PBXBuildFile; fileRef = D5B395BE260B4A1A000E933B /* ModelRaw.swift */; };
		D5B395C3260B4A1A000E933B /* ModelRaw.swift in Sources */ = {isa = PBXBuildFile; fileRef = D5B395BE260B4A1A000E933B /* ModelRaw.swift */; };
		D5B395C4260B4A1A000E933B /* Model.swift in Sources */ = {isa = PBXBuildFile; fileRef = D5B395BF260B4A1A000E933B /* Model.swift */; };
		D5B395C5260B4A1A000E933B /* Model.swift in Sources */ = {isa = PBXBuildFile; fileRef = D5B395BF260B4A1A000E933B /* Model.swift */; };
		D5B395C6260B4A1A000E933B /* ModelMesh.swift in Sources */ = {isa = PBXBuildFile; fileRef = D5B395C0260B4A1A000E933B /* ModelMesh.swift */; };
		D5B395C7260B4A1A000E933B /* ModelMesh.swift in Sources */ = {isa = PBXBuildFile; fileRef = D5B395C0260B4A1A000E933B /* ModelMesh.swift */; };
		D5B395C8260B4A1A000E933B /* ModelFile.swift in Sources */ = {isa = PBXBuildFile; fileRef = D5B395C1260B4A1A000E933B /* ModelFile.swift */; };
		D5B395C9260B4A1A000E933B /* ModelFile.swift in Sources */ = {isa = PBXBuildFile; fileRef = D5B395C1260B4A1A000E933B /* ModelFile.swift */; };
		D5B395CD260B4A20000E933B /* FOLD.swift in Sources */ = {isa = PBXBuildFile; fileRef = D5B395CC260B4A20000E933B /* FOLD.swift */; };
		D5B395CE260B4A20000E933B /* FOLD.swift in Sources */ = {isa = PBXBuildFile; fileRef = D5B395CC260B4A20000E933B /* FOLD.swift */; };
		D5B395D2260B4A34000E933B /* MTKGestureView.swift in Sources */ = {isa = PBXBuildFile; fileRef = D5B395D1260B4A34000E933B /* MTKGestureView.swift */; };
		D5B395D3260B4A34000E933B /* MTKGestureView.swift in Sources */ = {isa = PBXBuildFile; fileRef = D5B395D1260B4A34000E933B /* MTKGestureView.swift */; };
		D5B395DB260B4F65000E933B /* huffman.fold in Resources */ = {isa = PBXBuildFile; fileRef = D5B395DA260B4F65000E933B /* huffman.fold */; };
		D5B395DC260B4F65000E933B /* huffman.fold in Resources */ = {isa = PBXBuildFile; fileRef = D5B395DA260B4F65000E933B /* huffman.fold */; };
		D5C3E13C260B974600A503F4 /* ModelCP.swift in Sources */ = {isa = PBXBuildFile; fileRef = D5C3E13B260B974600A503F4 /* ModelCP.swift */; };
		D5C3E13D260B974600A503F4 /* ModelCP.swift in Sources */ = {isa = PBXBuildFile; fileRef = D5C3E13B260B974600A503F4 /* ModelCP.swift */; };
/* End PBXBuildFile section */

/* Begin PBXContainerItemProxy section */
		D5B395A4260B49FC000E933B /* PBXContainerItemProxy */ = {
			isa = PBXContainerItemProxy;
			containerPortal = D5B39574260B499F000E933B /* Project object */;
			proxyType = 1;
			remoteGlobalIDString = D5B39597260B49FC000E933B;
			remoteInfo = FOLDPreview;
		};
/* End PBXContainerItemProxy section */

/* Begin PBXCopyFilesBuildPhase section */
		D5B395AA260B49FC000E933B /* Embed App Extensions */ = {
			isa = PBXCopyFilesBuildPhase;
			buildActionMask = 2147483647;
			dstPath = "";
			dstSubfolderSpec = 13;
			files = (
				D5B395A6260B49FC000E933B /* FOLDPreview.appex in Embed App Extensions */,
			);
			name = "Embed App Extensions";
			runOnlyForDeploymentPostprocessing = 0;
		};
/* End PBXCopyFilesBuildPhase section */

/* Begin PBXFileReference section */
		D5AA0355260B5DF800A38682 /* kraft-sea-turtle.fold */ = {isa = PBXFileReference; fileEncoding = 4; lastKnownFileType = text; path = "kraft-sea-turtle.fold"; sourceTree = "<group>"; };
		D5AA035A260B5DFE00A38682 /* crane.fold */ = {isa = PBXFileReference; fileEncoding = 4; lastKnownFileType = text; path = crane.fold; sourceTree = "<group>"; };
		D5AA035F260B5E0300A38682 /* miura-ori.fold */ = {isa = PBXFileReference; fileEncoding = 4; lastKnownFileType = text; path = "miura-ori.fold"; sourceTree = "<group>"; };
		D5AA0364260B5E1200A38682 /* three-fold.fold */ = {isa = PBXFileReference; fileEncoding = 4; lastKnownFileType = text; path = "three-fold.fold"; sourceTree = "<group>"; };
		D5B3957C260B499F000E933B /* FoldQuickLook.app */ = {isa = PBXFileReference; explicitFileType = wrapper.application; includeInIndex = 0; path = FoldQuickLook.app; sourceTree = BUILT_PRODUCTS_DIR; };
		D5B3957F260B499F000E933B /* AppDelegate.swift */ = {isa = PBXFileReference; lastKnownFileType = sourcecode.swift; path = AppDelegate.swift; sourceTree = "<group>"; };
		D5B39581260B499F000E933B /* ViewController.swift */ = {isa = PBXFileReference; lastKnownFileType = sourcecode.swift; path = ViewController.swift; sourceTree = "<group>"; };
		D5B39583260B499F000E933B /* Document.swift */ = {isa = PBXFileReference; lastKnownFileType = sourcecode.swift; path = Document.swift; sourceTree = "<group>"; };
		D5B39585260B49A0000E933B /* Assets.xcassets */ = {isa = PBXFileReference; lastKnownFileType = folder.assetcatalog; path = Assets.xcassets; sourceTree = "<group>"; };
		D5B39588260B49A0000E933B /* Base */ = {isa = PBXFileReference; lastKnownFileType = file.storyboard; name = Base; path = Base.lproj/Main.storyboard; sourceTree = "<group>"; };
		D5B3958A260B49A0000E933B /* Info.plist */ = {isa = PBXFileReference; lastKnownFileType = text.plist.xml; path = Info.plist; sourceTree = "<group>"; };
		D5B3958B260B49A0000E933B /* FoldQuickLook.entitlements */ = {isa = PBXFileReference; lastKnownFileType = text.plist.entitlements; path = FoldQuickLook.entitlements; sourceTree = "<group>"; };
		D5B39598260B49FC000E933B /* FOLDPreview.appex */ = {isa = PBXFileReference; explicitFileType = "wrapper.app-extension"; includeInIndex = 0; path = FOLDPreview.appex; sourceTree = BUILT_PRODUCTS_DIR; };
		D5B3959A260B49FC000E933B /* Quartz.framework */ = {isa = PBXFileReference; lastKnownFileType = wrapper.framework; name = Quartz.framework; path = System/Library/Frameworks/Quartz.framework; sourceTree = SDKROOT; };
		D5B3959D260B49FC000E933B /* PreviewViewController.swift */ = {isa = PBXFileReference; lastKnownFileType = sourcecode.swift; path = PreviewViewController.swift; sourceTree = "<group>"; };
		D5B395A0260B49FC000E933B /* Base */ = {isa = PBXFileReference; lastKnownFileType = file.xib; name = Base; path = Base.lproj/PreviewViewController.xib; sourceTree = "<group>"; };
		D5B395A2260B49FC000E933B /* Info.plist */ = {isa = PBXFileReference; lastKnownFileType = text.plist.xml; path = Info.plist; sourceTree = "<group>"; };
		D5B395A3260B49FC000E933B /* FOLDPreview.entitlements */ = {isa = PBXFileReference; lastKnownFileType = text.plist.entitlements; path = FOLDPreview.entitlements; sourceTree = "<group>"; };
		D5B395AD260B4A0D000E933B /* Camera.swift */ = {isa = PBXFileReference; fileEncoding = 4; lastKnownFileType = sourcecode.swift; path = Camera.swift; sourceTree = "<group>"; };
		D5B395AE260B4A0D000E933B /* MetalView.swift */ = {isa = PBXFileReference; fileEncoding = 4; lastKnownFileType = sourcecode.swift; path = MetalView.swift; sourceTree = "<group>"; };
		D5B395AF260B4A0D000E933B /* Renderer.swift */ = {isa = PBXFileReference; fileEncoding = 4; lastKnownFileType = sourcecode.swift; path = Renderer.swift; sourceTree = "<group>"; };
		D5B395B0260B4A0D000E933B /* Math.swift */ = {isa = PBXFileReference; fileEncoding = 4; lastKnownFileType = sourcecode.swift; path = Math.swift; sourceTree = "<group>"; };
		D5B395B1260B4A0D000E933B /* Shaders.metal */ = {isa = PBXFileReference; fileEncoding = 4; lastKnownFileType = sourcecode.metal; path = Shaders.metal; sourceTree = "<group>"; };
		D5B395BE260B4A1A000E933B /* ModelRaw.swift */ = {isa = PBXFileReference; fileEncoding = 4; lastKnownFileType = sourcecode.swift; path = ModelRaw.swift; sourceTree = "<group>"; };
		D5B395BF260B4A1A000E933B /* Model.swift */ = {isa = PBXFileReference; fileEncoding = 4; lastKnownFileType = sourcecode.swift; path = Model.swift; sourceTree = "<group>"; };
		D5B395C0260B4A1A000E933B /* ModelMesh.swift */ = {isa = PBXFileReference; fileEncoding = 4; lastKnownFileType = sourcecode.swift; path = ModelMesh.swift; sourceTree = "<group>"; };
		D5B395C1260B4A1A000E933B /* ModelFile.swift */ = {isa = PBXFileReference; fileEncoding = 4; lastKnownFileType = sourcecode.swift; path = ModelFile.swift; sourceTree = "<group>"; };
		D5B395CC260B4A20000E933B /* FOLD.swift */ = {isa = PBXFileReference; fileEncoding = 4; lastKnownFileType = sourcecode.swift; path = FOLD.swift; sourceTree = "<group>"; };
		D5B395D1260B4A34000E933B /* MTKGestureView.swift */ = {isa = PBXFileReference; fileEncoding = 4; lastKnownFileType = sourcecode.swift; path = MTKGestureView.swift; sourceTree = "<group>"; };
		D5B395DA260B4F65000E933B /* huffman.fold */ = {isa = PBXFileReference; fileEncoding = 4; lastKnownFileType = text; path = huffman.fold; sourceTree = "<group>"; };
		D5C3E13B260B974600A503F4 /* ModelCP.swift */ = {isa = PBXFileReference; fileEncoding = 4; lastKnownFileType = sourcecode.swift; path = ModelCP.swift; sourceTree = "<group>"; };
/* End PBXFileReference section */

/* Begin PBXFrameworksBuildPhase section */
		D5B39579260B499F000E933B /* Frameworks */ = {
			isa = PBXFrameworksBuildPhase;
			buildActionMask = 2147483647;
			files = (
			);
			runOnlyForDeploymentPostprocessing = 0;
		};
		D5B39595260B49FC000E933B /* Frameworks */ = {
			isa = PBXFrameworksBuildPhase;
			buildActionMask = 2147483647;
			files = (
				D5B3959B260B49FC000E933B /* Quartz.framework in Frameworks */,
			);
			runOnlyForDeploymentPostprocessing = 0;
		};
/* End PBXFrameworksBuildPhase section */

/* Begin PBXGroup section */
		D5AA0354260B5DEB00A38682 /* FOLD */ = {
			isa = PBXGroup;
			children = (
				D5AA0355260B5DF800A38682 /* kraft-sea-turtle.fold */,
				D5AA0364260B5E1200A38682 /* three-fold.fold */,
				D5AA035F260B5E0300A38682 /* miura-ori.fold */,
				D5AA035A260B5DFE00A38682 /* crane.fold */,
				D5B395DA260B4F65000E933B /* huffman.fold */,
			);
			path = FOLD;
			sourceTree = "<group>";
		};
		D5B39573260B499F000E933B = {
			isa = PBXGroup;
			children = (
				D5B3957E260B499F000E933B /* FoldQuickLook */,
				D5B3959C260B49FC000E933B /* FOLDPreview */,
				D5B39599260B49FC000E933B /* Frameworks */,
				D5B3957D260B499F000E933B /* Products */,
			);
			sourceTree = "<group>";
		};
		D5B3957D260B499F000E933B /* Products */ = {
			isa = PBXGroup;
			children = (
				D5B3957C260B499F000E933B /* FoldQuickLook.app */,
				D5B39598260B49FC000E933B /* FOLDPreview.appex */,
			);
			name = Products;
			sourceTree = "<group>";
		};
		D5B3957E260B499F000E933B /* FoldQuickLook */ = {
			isa = PBXGroup;
			children = (
				D5B3957F260B499F000E933B /* AppDelegate.swift */,
				D5B39581260B499F000E933B /* ViewController.swift */,
				D5B395CC260B4A20000E933B /* FOLD.swift */,
				D5B395D1260B4A34000E933B /* MTKGestureView.swift */,
				D5B39583260B499F000E933B /* Document.swift */,
				D5B39592260B49A7000E933B /* Render */,
				D5B39593260B49B1000E933B /* Model */,
				D5B39585260B49A0000E933B /* Assets.xcassets */,
				D5B39587260B49A0000E933B /* Main.storyboard */,
				D5AA0354260B5DEB00A38682 /* FOLD */,
				D5B3958A260B49A0000E933B /* Info.plist */,
				D5B3958B260B49A0000E933B /* FoldQuickLook.entitlements */,
			);
			path = FoldQuickLook;
			sourceTree = "<group>";
		};
		D5B39592260B49A7000E933B /* Render */ = {
			isa = PBXGroup;
			children = (
				D5B395AF260B4A0D000E933B /* Renderer.swift */,
				D5B395AE260B4A0D000E933B /* MetalView.swift */,
				D5B395B0260B4A0D000E933B /* Math.swift */,
				D5B395AD260B4A0D000E933B /* Camera.swift */,
				D5B395B1260B4A0D000E933B /* Shaders.metal */,
			);
			path = Render;
			sourceTree = "<group>";
		};
		D5B39593260B49B1000E933B /* Model */ = {
			isa = PBXGroup;
			children = (
				D5B395BF260B4A1A000E933B /* Model.swift */,
				D5B395BE260B4A1A000E933B /* ModelRaw.swift */,
				D5B395C0260B4A1A000E933B /* ModelMesh.swift */,
				D5C3E13B260B974600A503F4 /* ModelCP.swift */,
				D5B395C1260B4A1A000E933B /* ModelFile.swift */,
			);
			path = Model;
			sourceTree = "<group>";
		};
		D5B39599260B49FC000E933B /* Frameworks */ = {
			isa = PBXGroup;
			children = (
				D5B3959A260B49FC000E933B /* Quartz.framework */,
			);
			name = Frameworks;
			sourceTree = "<group>";
		};
		D5B3959C260B49FC000E933B /* FOLDPreview */ = {
			isa = PBXGroup;
			children = (
				D5B3959D260B49FC000E933B /* PreviewViewController.swift */,
				D5B3959F260B49FC000E933B /* PreviewViewController.xib */,
				D5B395A2260B49FC000E933B /* Info.plist */,
				D5B395A3260B49FC000E933B /* FOLDPreview.entitlements */,
			);
			path = FOLDPreview;
			sourceTree = "<group>";
		};
/* End PBXGroup section */

/* Begin PBXNativeTarget section */
		D5B3957B260B499F000E933B /* FoldQuickLook */ = {
			isa = PBXNativeTarget;
			buildConfigurationList = D5B3958E260B49A0000E933B /* Build configuration list for PBXNativeTarget "FoldQuickLook" */;
			buildPhases = (
				D5B39578260B499F000E933B /* Sources */,
				D5B39579260B499F000E933B /* Frameworks */,
				D5B3957A260B499F000E933B /* Resources */,
				D5B395AA260B49FC000E933B /* Embed App Extensions */,
			);
			buildRules = (
			);
			dependencies = (
				D5B395A5260B49FC000E933B /* PBXTargetDependency */,
			);
			name = FoldQuickLook;
			productName = FoldQuickLook;
			productReference = D5B3957C260B499F000E933B /* FoldQuickLook.app */;
			productType = "com.apple.product-type.application";
		};
		D5B39597260B49FC000E933B /* FOLDPreview */ = {
			isa = PBXNativeTarget;
			buildConfigurationList = D5B395A7260B49FC000E933B /* Build configuration list for PBXNativeTarget "FOLDPreview" */;
			buildPhases = (
				D5B39594260B49FC000E933B /* Sources */,
				D5B39595260B49FC000E933B /* Frameworks */,
				D5B39596260B49FC000E933B /* Resources */,
			);
			buildRules = (
			);
			dependencies = (
			);
			name = FOLDPreview;
			productName = FOLDPreview;
			productReference = D5B39598260B49FC000E933B /* FOLDPreview.appex */;
			productType = "com.apple.product-type.app-extension";
		};
/* End PBXNativeTarget section */

/* Begin PBXProject section */
		D5B39574260B499F000E933B /* Project object */ = {
			isa = PBXProject;
			attributes = {
				LastSwiftUpdateCheck = 1240;
				LastUpgradeCheck = 1240;
				TargetAttributes = {
					D5B3957B260B499F000E933B = {
						CreatedOnToolsVersion = 12.4;
					};
					D5B39597260B49FC000E933B = {
						CreatedOnToolsVersion = 12.4;
					};
				};
			};
			buildConfigurationList = D5B39577260B499F000E933B /* Build configuration list for PBXProject "FoldQuickLook" */;
			compatibilityVersion = "Xcode 9.3";
			developmentRegion = en;
			hasScannedForEncodings = 0;
			knownRegions = (
				en,
				Base,
			);
			mainGroup = D5B39573260B499F000E933B;
			productRefGroup = D5B3957D260B499F000E933B /* Products */;
			projectDirPath = "";
			projectRoot = "";
			targets = (
				D5B3957B260B499F000E933B /* FoldQuickLook */,
				D5B39597260B49FC000E933B /* FOLDPreview */,
			);
		};
/* End PBXProject section */

/* Begin PBXResourcesBuildPhase section */
		D5B3957A260B499F000E933B /* Resources */ = {
			isa = PBXResourcesBuildPhase;
			buildActionMask = 2147483647;
			files = (
				D5B39586260B49A0000E933B /* Assets.xcassets in Resources */,
				D5AA035B260B5DFE00A38682 /* crane.fold in Resources */,
				D5AA0360260B5E0300A38682 /* miura-ori.fold in Resources */,
				D5AA0365260B5E1200A38682 /* three-fold.fold in Resources */,
				D5B395DB260B4F65000E933B /* huffman.fold in Resources */,
				D5B39589260B49A0000E933B /* Main.storyboard in Resources */,
				D5AA0356260B5DF800A38682 /* kraft-sea-turtle.fold in Resources */,
			);
			runOnlyForDeploymentPostprocessing = 0;
		};
		D5B39596260B49FC000E933B /* Resources */ = {
			isa = PBXResourcesBuildPhase;
			buildActionMask = 2147483647;
			files = (
				D5AA0357260B5DF800A38682 /* kraft-sea-turtle.fold in Resources */,
				D5B395DC260B4F65000E933B /* huffman.fold in Resources */,
				D5AA035C260B5DFE00A38682 /* crane.fold in Resources */,
				D5B395A1260B49FC000E933B /* PreviewViewController.xib in Resources */,
				D5AA0366260B5E1200A38682 /* three-fold.fold in Resources */,
				D5AA0361260B5E0300A38682 /* miura-ori.fold in Resources */,
			);
			runOnlyForDeploymentPostprocessing = 0;
		};
/* End PBXResourcesBuildPhase section */

/* Begin PBXSourcesBuildPhase section */
		D5B39578260B499F000E933B /* Sources */ = {
			isa = PBXSourcesBuildPhase;
			buildActionMask = 2147483647;
			files = (
				D5C3E13C260B974600A503F4 /* ModelCP.swift in Sources */,
				D5B395BA260B4A0D000E933B /* Shaders.metal in Sources */,
				D5B395B2260B4A0D000E933B /* Camera.swift in Sources */,
				D5B39582260B499F000E933B /* ViewController.swift in Sources */,
				D5B395C8260B4A1A000E933B /* ModelFile.swift in Sources */,
				D5B395B4260B4A0D000E933B /* MetalView.swift in Sources */,
				D5B395D2260B4A34000E933B /* MTKGestureView.swift in Sources */,
				D5B395B8260B4A0D000E933B /* Math.swift in Sources */,
				D5B395C4260B4A1A000E933B /* Model.swift in Sources */,
				D5B395C6260B4A1A000E933B /* ModelMesh.swift in Sources */,
				D5B39580260B499F000E933B /* AppDelegate.swift in Sources */,
				D5B395C2260B4A1A000E933B /* ModelRaw.swift in Sources */,
				D5B395B6260B4A0D000E933B /* Renderer.swift in Sources */,
				D5B39584260B499F000E933B /* Document.swift in Sources */,
				D5B395CD260B4A20000E933B /* FOLD.swift in Sources */,
			);
			runOnlyForDeploymentPostprocessing = 0;
		};
		D5B39594260B49FC000E933B /* Sources */ = {
			isa = PBXSourcesBuildPhase;
			buildActionMask = 2147483647;
			files = (
				D5B395BB260B4A0D000E933B /* Shaders.metal in Sources */,
				D5B395B7260B4A0D000E933B /* Renderer.swift in Sources */,
				D5B395C7260B4A1A000E933B /* ModelMesh.swift in Sources */,
				D5B395C9260B4A1A000E933B /* ModelFile.swift in Sources */,
				D5C3E13D260B974600A503F4 /* ModelCP.swift in Sources */,
				D5B395B5260B4A0D000E933B /* MetalView.swift in Sources */,
				D5B395D3260B4A34000E933B /* MTKGestureView.swift in Sources */,
				D5B395B3260B4A0D000E933B /* Camera.swift in Sources */,
				D5B3959E260B49FC000E933B /* PreviewViewController.swift in Sources */,
				D5B395B9260B4A0D000E933B /* Math.swift in Sources */,
				D5B395C3260B4A1A000E933B /* ModelRaw.swift in Sources */,
				D5B395C5260B4A1A000E933B /* Model.swift in Sources */,
				D5B395CE260B4A20000E933B /* FOLD.swift in Sources */,
			);
			runOnlyForDeploymentPostprocessing = 0;
		};
/* End PBXSourcesBuildPhase section */

/* Begin PBXTargetDependency section */
		D5B395A5260B49FC000E933B /* PBXTargetDependency */ = {
			isa = PBXTargetDependency;
			target = D5B39597260B49FC000E933B /* FOLDPreview */;
			targetProxy = D5B395A4260B49FC000E933B /* PBXContainerItemProxy */;
		};
/* End PBXTargetDependency section */

/* Begin PBXVariantGroup section */
		D5B39587260B49A0000E933B /* Main.storyboard */ = {
			isa = PBXVariantGroup;
			children = (
				D5B39588260B49A0000E933B /* Base */,
			);
			name = Main.storyboard;
			sourceTree = "<group>";
		};
		D5B3959F260B49FC000E933B /* PreviewViewController.xib */ = {
			isa = PBXVariantGroup;
			children = (
				D5B395A0260B49FC000E933B /* Base */,
			);
			name = PreviewViewController.xib;
			sourceTree = "<group>";
		};
/* End PBXVariantGroup section */

/* Begin XCBuildConfiguration section */
		D5B3958C260B49A0000E933B /* Debug */ = {
			isa = XCBuildConfiguration;
			buildSettings = {
				ALWAYS_SEARCH_USER_PATHS = NO;
				CLANG_ANALYZER_NONNULL = YES;
				CLANG_ANALYZER_NUMBER_OBJECT_CONVERSION = YES_AGGRESSIVE;
				CLANG_CXX_LANGUAGE_STANDARD = "gnu++14";
				CLANG_CXX_LIBRARY = "libc++";
				CLANG_ENABLE_MODULES = YES;
				CLANG_ENABLE_OBJC_ARC = YES;
				CLANG_ENABLE_OBJC_WEAK = YES;
				CLANG_WARN_BLOCK_CAPTURE_AUTORELEASING = YES;
				CLANG_WARN_BOOL_CONVERSION = YES;
				CLANG_WARN_COMMA = YES;
				CLANG_WARN_CONSTANT_CONVERSION = YES;
				CLANG_WARN_DEPRECATED_OBJC_IMPLEMENTATIONS = YES;
				CLANG_WARN_DIRECT_OBJC_ISA_USAGE = YES_ERROR;
				CLANG_WARN_DOCUMENTATION_COMMENTS = YES;
				CLANG_WARN_EMPTY_BODY = YES;
				CLANG_WARN_ENUM_CONVERSION = YES;
				CLANG_WARN_INFINITE_RECURSION = YES;
				CLANG_WARN_INT_CONVERSION = YES;
				CLANG_WARN_NON_LITERAL_NULL_CONVERSION = YES;
				CLANG_WARN_OBJC_IMPLICIT_RETAIN_SELF = YES;
				CLANG_WARN_OBJC_LITERAL_CONVERSION = YES;
				CLANG_WARN_OBJC_ROOT_CLASS = YES_ERROR;
				CLANG_WARN_QUOTED_INCLUDE_IN_FRAMEWORK_HEADER = YES;
				CLANG_WARN_RANGE_LOOP_ANALYSIS = YES;
				CLANG_WARN_STRICT_PROTOTYPES = YES;
				CLANG_WARN_SUSPICIOUS_MOVE = YES;
				CLANG_WARN_UNGUARDED_AVAILABILITY = YES_AGGRESSIVE;
				CLANG_WARN_UNREACHABLE_CODE = YES;
				CLANG_WARN__DUPLICATE_METHOD_MATCH = YES;
				COPY_PHASE_STRIP = NO;
				DEBUG_INFORMATION_FORMAT = dwarf;
				ENABLE_STRICT_OBJC_MSGSEND = YES;
				ENABLE_TESTABILITY = YES;
				GCC_C_LANGUAGE_STANDARD = gnu11;
				GCC_DYNAMIC_NO_PIC = NO;
				GCC_NO_COMMON_BLOCKS = YES;
				GCC_OPTIMIZATION_LEVEL = 0;
				GCC_PREPROCESSOR_DEFINITIONS = (
					"DEBUG=1",
					"$(inherited)",
				);
				GCC_WARN_64_TO_32_BIT_CONVERSION = YES;
				GCC_WARN_ABOUT_RETURN_TYPE = YES_ERROR;
				GCC_WARN_UNDECLARED_SELECTOR = YES;
				GCC_WARN_UNINITIALIZED_AUTOS = YES_AGGRESSIVE;
				GCC_WARN_UNUSED_FUNCTION = YES;
				GCC_WARN_UNUSED_VARIABLE = YES;
				MACOSX_DEPLOYMENT_TARGET = 11.1;
				MTL_ENABLE_DEBUG_INFO = INCLUDE_SOURCE;
				MTL_FAST_MATH = YES;
				ONLY_ACTIVE_ARCH = YES;
				SDKROOT = macosx;
				SWIFT_ACTIVE_COMPILATION_CONDITIONS = DEBUG;
				SWIFT_OPTIMIZATION_LEVEL = "-Onone";
			};
			name = Debug;
		};
		D5B3958D260B49A0000E933B /* Release */ = {
			isa = XCBuildConfiguration;
			buildSettings = {
				ALWAYS_SEARCH_USER_PATHS = NO;
				CLANG_ANALYZER_NONNULL = YES;
				CLANG_ANALYZER_NUMBER_OBJECT_CONVERSION = YES_AGGRESSIVE;
				CLANG_CXX_LANGUAGE_STANDARD = "gnu++14";
				CLANG_CXX_LIBRARY = "libc++";
				CLANG_ENABLE_MODULES = YES;
				CLANG_ENABLE_OBJC_ARC = YES;
				CLANG_ENABLE_OBJC_WEAK = YES;
				CLANG_WARN_BLOCK_CAPTURE_AUTORELEASING = YES;
				CLANG_WARN_BOOL_CONVERSION = YES;
				CLANG_WARN_COMMA = YES;
				CLANG_WARN_CONSTANT_CONVERSION = YES;
				CLANG_WARN_DEPRECATED_OBJC_IMPLEMENTATIONS = YES;
				CLANG_WARN_DIRECT_OBJC_ISA_USAGE = YES_ERROR;
				CLANG_WARN_DOCUMENTATION_COMMENTS = YES;
				CLANG_WARN_EMPTY_BODY = YES;
				CLANG_WARN_ENUM_CONVERSION = YES;
				CLANG_WARN_INFINITE_RECURSION = YES;
				CLANG_WARN_INT_CONVERSION = YES;
				CLANG_WARN_NON_LITERAL_NULL_CONVERSION = YES;
				CLANG_WARN_OBJC_IMPLICIT_RETAIN_SELF = YES;
				CLANG_WARN_OBJC_LITERAL_CONVERSION = YES;
				CLANG_WARN_OBJC_ROOT_CLASS = YES_ERROR;
				CLANG_WARN_QUOTED_INCLUDE_IN_FRAMEWORK_HEADER = YES;
				CLANG_WARN_RANGE_LOOP_ANALYSIS = YES;
				CLANG_WARN_STRICT_PROTOTYPES = YES;
				CLANG_WARN_SUSPICIOUS_MOVE = YES;
				CLANG_WARN_UNGUARDED_AVAILABILITY = YES_AGGRESSIVE;
				CLANG_WARN_UNREACHABLE_CODE = YES;
				CLANG_WARN__DUPLICATE_METHOD_MATCH = YES;
				COPY_PHASE_STRIP = NO;
				DEBUG_INFORMATION_FORMAT = "dwarf-with-dsym";
				ENABLE_NS_ASSERTIONS = NO;
				ENABLE_STRICT_OBJC_MSGSEND = YES;
				GCC_C_LANGUAGE_STANDARD = gnu11;
				GCC_NO_COMMON_BLOCKS = YES;
				GCC_WARN_64_TO_32_BIT_CONVERSION = YES;
				GCC_WARN_ABOUT_RETURN_TYPE = YES_ERROR;
				GCC_WARN_UNDECLARED_SELECTOR = YES;
				GCC_WARN_UNINITIALIZED_AUTOS = YES_AGGRESSIVE;
				GCC_WARN_UNUSED_FUNCTION = YES;
				GCC_WARN_UNUSED_VARIABLE = YES;
				MACOSX_DEPLOYMENT_TARGET = 11.1;
				MTL_ENABLE_DEBUG_INFO = NO;
				MTL_FAST_MATH = YES;
				SDKROOT = macosx;
				SWIFT_COMPILATION_MODE = wholemodule;
				SWIFT_OPTIMIZATION_LEVEL = "-O";
			};
			name = Release;
		};
		D5B3958F260B49A0000E933B /* Debug */ = {
			isa = XCBuildConfiguration;
			buildSettings = {
				ALWAYS_EMBED_SWIFT_STANDARD_LIBRARIES = YES;
				ASSETCATALOG_COMPILER_APPICON_NAME = AppIcon;
				ASSETCATALOG_COMPILER_GLOBAL_ACCENT_COLOR_NAME = AccentColor;
				CODE_SIGN_ENTITLEMENTS = FoldQuickLook/FoldQuickLook.entitlements;
				CODE_SIGN_STYLE = Automatic;
				COMBINE_HIDPI_IMAGES = YES;
				INFOPLIST_FILE = FoldQuickLook/Info.plist;
				LD_RUNPATH_SEARCH_PATHS = (
					"$(inherited)",
					"@executable_path/../Frameworks",
				);
				PRODUCT_BUNDLE_IDENTIFIER = com.robbykraft.FoldQuickLook;
				PRODUCT_NAME = "$(TARGET_NAME)";
				SWIFT_VERSION = 5.0;
			};
			name = Debug;
		};
		D5B39590260B49A0000E933B /* Release */ = {
			isa = XCBuildConfiguration;
			buildSettings = {
				ALWAYS_EMBED_SWIFT_STANDARD_LIBRARIES = YES;
				ASSETCATALOG_COMPILER_APPICON_NAME = AppIcon;
				ASSETCATALOG_COMPILER_GLOBAL_ACCENT_COLOR_NAME = AccentColor;
				CODE_SIGN_ENTITLEMENTS = FoldQuickLook/FoldQuickLook.entitlements;
				CODE_SIGN_STYLE = Automatic;
				COMBINE_HIDPI_IMAGES = YES;
				INFOPLIST_FILE = FoldQuickLook/Info.plist;
				LD_RUNPATH_SEARCH_PATHS = (
					"$(inherited)",
					"@executable_path/../Frameworks",
				);
				PRODUCT_BUNDLE_IDENTIFIER = com.robbykraft.FoldQuickLook;
				PRODUCT_NAME = "$(TARGET_NAME)";
				SWIFT_VERSION = 5.0;
			};
			name = Release;
		};
		D5B395A8260B49FC000E933B /* Debug */ = {
			isa = XCBuildConfiguration;
			buildSettings = {
				CODE_SIGN_ENTITLEMENTS = FOLDPreview/FOLDPreview.entitlements;
				CODE_SIGN_STYLE = Automatic;
				INFOPLIST_FILE = FOLDPreview/Info.plist;
				LD_RUNPATH_SEARCH_PATHS = (
					"$(inherited)",
					"@executable_path/../Frameworks",
					"@executable_path/../../../../Frameworks",
				);
				PRODUCT_BUNDLE_IDENTIFIER = com.robbykraft.FoldQuickLook.FOLDPreview;
				PRODUCT_NAME = "$(TARGET_NAME)";
				SKIP_INSTALL = YES;
				SWIFT_VERSION = 5.0;
			};
			name = Debug;
		};
		D5B395A9260B49FC000E933B /* Release */ = {
			isa = XCBuildConfiguration;
			buildSettings = {
				CODE_SIGN_ENTITLEMENTS = FOLDPreview/FOLDPreview.entitlements;
				CODE_SIGN_STYLE = Automatic;
				INFOPLIST_FILE = FOLDPreview/Info.plist;
				LD_RUNPATH_SEARCH_PATHS = (
					"$(inherited)",
					"@executable_path/../Frameworks",
					"@executable_path/../../../../Frameworks",
				);
				PRODUCT_BUNDLE_IDENTIFIER = com.robbykraft.FoldQuickLook.FOLDPreview;
				PRODUCT_NAME = "$(TARGET_NAME)";
				SKIP_INSTALL = YES;
				SWIFT_VERSION = 5.0;
			};
			name = Release;
		};
/* End XCBuildConfiguration section */

/* Begin XCConfigurationList section */
		D5B39577260B499F000E933B /* Build configuration list for PBXProject "FoldQuickLook" */ = {
			isa = XCConfigurationList;
			buildConfigurations = (
				D5B3958C260B49A0000E933B /* Debug */,
				D5B3958D260B49A0000E933B /* Release */,
			);
			defaultConfigurationIsVisible = 0;
			defaultConfigurationName = Release;
		};
		D5B3958E260B49A0000E933B /* Build configuration list for PBXNativeTarget "FoldQuickLook" */ = {
			isa = XCConfigurationList;
			buildConfigurations = (
				D5B3958F260B49A0000E933B /* Debug */,
				D5B39590260B49A0000E933B /* Release */,
			);
			defaultConfigurationIsVisible = 0;
			defaultConfigurationName = Release;
		};
		D5B395A7260B49FC000E933B /* Build configuration list for PBXNativeTarget "FOLDPreview" */ = {
			isa = XCConfigurationList;
			buildConfigurations = (
				D5B395A8260B49FC000E933B /* Debug */,
				D5B395A9260B49FC000E933B /* Release */,
			);
			defaultConfigurationIsVisible = 0;
			defaultConfigurationName = Release;
		};
/* End XCConfigurationList section */
	};
	rootObject = D5B39574260B499F000E933B /* Project object */;
}
